
Microsoft Visual Studio Solution File, Format Version 12.00
# Visual Studio Version 16
VisualStudioVersion = 16.0.32106.194
MinimumVisualStudioVersion = 10.0.40219.1
Project("{9A19103F-16F7-4668-BE54-9A1E7A4F7556}") = "PrimalEditor", "PrimalEditor\PrimalEditor.csproj", "{BDB28CED-9B29-4F7F-9A2E-6B814F736BD6}"
EndProject
Project("{8BC9CEB8-8B4A-11D0-8D11-00A0C91BC942}") = "Engine", "Engine\Engine\Engine.vcxproj", "{5B156CDF-C13D-418E-A388-20F5C7DE98C1}"
EndProject
Project("{8BC9CEB8-8B4A-11D0-8D11-00A0C91BC942}") = "EngineTest", "EngineTest\EngineTest.vcxproj", "{21054502-CBFE-4A60-A4C7-41C57E6125CC}"
EndProject
Project("{8BC9CEB8-8B4A-11D0-8D11-00A0C91BC942}") = "EngineDLL", "EngineDLL\EngineDLL.vcxproj", "{95152611-ABD7-4493-8335-DEE7A260C43B}"
EndProject
Project("{2150E333-8FDC-42A3-9474-1A3956D46DE8}") = "Solution Items", "Solution Items", "{E0E24FF3-E6AB-4F92-9481-9FC77A8F1598}"
	ProjectSection(SolutionItems) = preProject
		.editorconfig = .editorconfig
	EndProjectSection
EndProject
Global
	GlobalSection(SolutionConfigurationPlatforms) = preSolution
		Debug|x64 = Debug|x64
		DebugEditor|x64 = DebugEditor|x64
		Release|x64 = Release|x64
		ReleaseEditor|x64 = ReleaseEditor|x64
	EndGlobalSection
	GlobalSection(ProjectConfigurationPlatforms) = postSolution
		{BDB28CED-9B29-4F7F-9A2E-6B814F736BD6}.Debug|x64.ActiveCfg = Debug|x64
		{BDB28CED-9B29-4F7F-9A2E-6B814F736BD6}.Debug|x64.Build.0 = Debug|x64
		{BDB28CED-9B29-4F7F-9A2E-6B814F736BD6}.DebugEditor|x64.ActiveCfg = DebugEditor|x64
		{BDB28CED-9B29-4F7F-9A2E-6B814F736BD6}.DebugEditor|x64.Build.0 = DebugEditor|x64
		{BDB28CED-9B29-4F7F-9A2E-6B814F736BD6}.Release|x64.ActiveCfg = Release|x64
		{BDB28CED-9B29-4F7F-9A2E-6B814F736BD6}.Release|x64.Build.0 = Release|x64
		{BDB28CED-9B29-4F7F-9A2E-6B814F736BD6}.ReleaseEditor|x64.ActiveCfg = ReleaseEditor|x64
		{BDB28CED-9B29-4F7F-9A2E-6B814F736BD6}.ReleaseEditor|x64.Build.0 = ReleaseEditor|x64
		{5B156CDF-C13D-418E-A388-20F5C7DE98C1}.Debug|x64.ActiveCfg = Debug|x64
		{5B156CDF-C13D-418E-A388-20F5C7DE98C1}.Debug|x64.Build.0 = Debug|x64
		{5B156CDF-C13D-418E-A388-20F5C7DE98C1}.DebugEditor|x64.ActiveCfg = DebugEditor|x64
		{5B156CDF-C13D-418E-A388-20F5C7DE98C1}.DebugEditor|x64.Build.0 = DebugEditor|x64
		{5B156CDF-C13D-418E-A388-20F5C7DE98C1}.Release|x64.ActiveCfg = Release|x64
		{5B156CDF-C13D-418E-A388-20F5C7DE98C1}.Release|x64.Build.0 = Release|x64
		{5B156CDF-C13D-418E-A388-20F5C7DE98C1}.ReleaseEditor|x64.ActiveCfg = ReleaseEditor|x64
		{5B156CDF-C13D-418E-A388-20F5C7DE98C1}.ReleaseEditor|x64.Build.0 = ReleaseEditor|x64
		{21054502-CBFE-4A60-A4C7-41C57E6125CC}.Debug|x64.ActiveCfg = Debug|x64
		{21054502-CBFE-4A60-A4C7-41C57E6125CC}.Debug|x64.Build.0 = Debug|x64
		{21054502-CBFE-4A60-A4C7-41C57E6125CC}.DebugEditor|x64.ActiveCfg = DebugEditor|x64
		{21054502-CBFE-4A60-A4C7-41C57E6125CC}.DebugEditor|x64.Build.0 = DebugEditor|x64
		{21054502-CBFE-4A60-A4C7-41C57E6125CC}.Release|x64.ActiveCfg = Release|x64
		{21054502-CBFE-4A60-A4C7-41C57E6125CC}.Release|x64.Build.0 = Release|x64
		{21054502-CBFE-4A60-A4C7-41C57E6125CC}.ReleaseEditor|x64.ActiveCfg = ReleaseEditor|x64
		{21054502-CBFE-4A60-A4C7-41C57E6125CC}.ReleaseEditor|x64.Build.0 = ReleaseEditor|x64
		{95152611-ABD7-4493-8335-DEE7A260C43B}.Debug|x64.ActiveCfg = Debug|x64
		{95152611-ABD7-4493-8335-DEE7A260C43B}.Debug|x64.Build.0 = Debug|x64
		{95152611-ABD7-4493-8335-DEE7A260C43B}.DebugEditor|x64.ActiveCfg = DebugEditor|x64
		{95152611-ABD7-4493-8335-DEE7A260C43B}.DebugEditor|x64.Build.0 = DebugEditor|x64
		{95152611-ABD7-4493-8335-DEE7A260C43B}.Release|x64.ActiveCfg = Release|x64
		{95152611-ABD7-4493-8335-DEE7A260C43B}.Release|x64.Build.0 = Release|x64
		{95152611-ABD7-4493-8335-DEE7A260C43B}.ReleaseEditor|x64.ActiveCfg = ReleaseEditor|x64
		{95152611-ABD7-4493-8335-DEE7A260C43B}.ReleaseEditor|x64.Build.0 = ReleaseEditor|x64
	EndGlobalSection
	GlobalSection(SolutionProperties) = preSolution
		HideSolutionNode = FALSE
	EndGlobalSection
	GlobalSection(ExtensibilityGlobals) = postSolution
		SolutionGuid = {2ADCB4FC-C394-4F84-8BF4-75906A08356E}
	EndGlobalSection
EndGlobal
