
Microsoft Visual Studio Solution File, Format Version 12.00
# Visual Studio Version 16
VisualStudioVersion = 16.0.32106.194
MinimumVisualStudioVersion = 10.0.40219.1
Project("{FAE04EC0-301F-11D3-BF4B-00C04F79EFBC}") = "PrimalEditor", "PrimalEditor\PrimalEditor.csproj", "{BDB28CED-9B29-4F7F-9A2E-6B814F736BD6}"
EndProject
Project("{8BC9CEB8-8B4A-11D0-8D11-00A0C91BC942}") = "Engine", "Engine\Engine\Engine.vcxproj", "{5B156CDF-C13D-418E-A388-20F5C7DE98C1}"
EndProject

Global
	GlobalSection(SolutionConfigurationPlatforms) = preSolution
		Debug|Any CPU = Debug|Any CPU
		Debug|x64 = Debug|x64
		Release|Any CPU = Release|Any CPU
		Release|x64 = Release|x64
	EndGlobalSection
	GlobalSection(ProjectConfigurationPlatforms) = postSolution
		{5B156CDF-C13D-418E-A388-20F5C7DE98C1}.Debug|Any CPU.ActiveCfg = Debug|Win32
		{5B156CDF-C13D-418E-A388-20F5C7DE98C1}.Debug|x64.ActiveCfg = Debug|x64
		{5B156CDF-C13D-418E-A388-20F5C7DE98C1}.Debug|x64.Build.0 = Debug|x64
		{5B156CDF-C13D-418E-A388-20F5C7DE98C1}.Release|Any CPU.ActiveCfg = Release|Win32
		{5B156CDF-C13D-418E-A388-20F5C7DE98C1}.Release|x64.ActiveCfg = Release|x64
		{5B156CDF-C13D-418E-A388-20F5C7DE98C1}.Release|x64.Build.0 = Release|x64
		{BDB28CED-9B29-4F7F-9A2E-6B814F736BD6}.Debug|Any CPU.ActiveCfg = Debug|Any CPU
		{BDB28CED-9B29-4F7F-9A2E-6B814F736BD6}.Debug|Any CPU.Build.0 = Debug|Any CPU
		{BDB28CED-9B29-4F7F-9A2E-6B814F736BD6}.Debug|x64.ActiveCfg = Debug|Any CPU
		{BDB28CED-9B29-4F7F-9A2E-6B814F736BD6}.Debug|x64.Build.0 = Debug|Any CPU
		{BDB28CED-9B29-4F7F-9A2E-6B814F736BD6}.Release|Any CPU.ActiveCfg = Release|Any CPU
		{BDB28CED-9B29-4F7F-9A2E-6B814F736BD6}.Release|Any CPU.Build.0 = Release|Any CPU
		{BDB28CED-9B29-4F7F-9A2E-6B814F736BD6}.Release|x64.ActiveCfg = Release|Any CPU
		{BDB28CED-9B29-4F7F-9A2E-6B814F736BD6}.Release|x64.Build.0 = Release|Any CPU
	EndGlobalSection
	GlobalSection(SolutionProperties) = preSolution
		HideSolutionNode = FALSE
	EndGlobalSection
	GlobalSection(ExtensibilityGlobals) = postSolution
		SolutionGuid = {2ADCB4FC-C394-4F84-8BF4-75906A08356E}
	EndGlobalSection
EndGlobal
